// !$*UTF8*$!
{
	archiveVersion = 1;
	classes = {
	};
	objectVersion = 50;
	objects = {

/* Begin PBXBuildFile section */
		0E1CD19A2085A10A001E1262 /* HUBDetailVC.m in Sources */ = {isa = PBXBuildFile; fileRef = 0E1CD1942085A10A001E1262 /* HUBDetailVC.m */; };
		0E1CD19B2085A10A001E1262 /* ViewController.m in Sources */ = {isa = PBXBuildFile; fileRef = 0E1CD1972085A10A001E1262 /* ViewController.m */; };
		0E1CD19C2085A10A001E1262 /* ClickMenuVC.m in Sources */ = {isa = PBXBuildFile; fileRef = 0E1CD1992085A10A001E1262 /* ClickMenuVC.m */; };
		0E1CD1AC2085BF2F001E1262 /* User.m in Sources */ = {isa = PBXBuildFile; fileRef = 0E1CD1AB2085BF2F001E1262 /* User.m */; };
		0E69097B2085C478006C15FD /* WJFileManager.m in Sources */ = {isa = PBXBuildFile; fileRef = 0E69091B2085C478006C15FD /* WJFileManager.m */; };
		0E69097C2085C478006C15FD /* HelperUtil.m in Sources */ = {isa = PBXBuildFile; fileRef = 0E69091D2085C478006C15FD /* HelperUtil.m */; };
		0E6909922085C478006C15FD /* UITextField+WJCategory.m in Sources */ = {isa = PBXBuildFile; fileRef = 0E6909422085C478006C15FD /* UITextField+WJCategory.m */; };
		0E6909932085C478006C15FD /* UITextView+WJCategory.m in Sources */ = {isa = PBXBuildFile; fileRef = 0E6909432085C478006C15FD /* UITextView+WJCategory.m */; };
		0E6909942085C478006C15FD /* NSString+WJCategory.m in Sources */ = {isa = PBXBuildFile; fileRef = 0E6909442085C478006C15FD /* NSString+WJCategory.m */; };
		0E6909952085C478006C15FD /* NSArray+WJCategory.m in Sources */ = {isa = PBXBuildFile; fileRef = 0E6909452085C478006C15FD /* NSArray+WJCategory.m */; };
		0E6909962085C478006C15FD /* UIViewController+WJMethodSwizzling.m in Sources */ = {isa = PBXBuildFile; fileRef = 0E6909462085C478006C15FD /* UIViewController+WJMethodSwizzling.m */; };
		0E6909972085C478006C15FD /* NSFileManager+WJCategory.m in Sources */ = {isa = PBXBuildFile; fileRef = 0E6909472085C478006C15FD /* NSFileManager+WJCategory.m */; };
		0E6909982085C478006C15FD /* NSDate+WJCategoryMethod.m in Sources */ = {isa = PBXBuildFile; fileRef = 0E6909482085C478006C15FD /* NSDate+WJCategoryMethod.m */; };
		0E6909992085C478006C15FD /* NSObject+WJCategory.m in Sources */ = {isa = PBXBuildFile; fileRef = 0E69094F2085C478006C15FD /* NSObject+WJCategory.m */; };
		0E69099A2085C478006C15FD /* UIButton+WJCategory.m in Sources */ = {isa = PBXBuildFile; fileRef = 0E6909502085C478006C15FD /* UIButton+WJCategory.m */; };
		0E69099B2085C478006C15FD /* UIAlertController+WJCategory.m in Sources */ = {isa = PBXBuildFile; fileRef = 0E6909572085C478006C15FD /* UIAlertController+WJCategory.m */; };
		0E69099D2085C478006C15FD /* UIBarButtonItem+WJCategory.m in Sources */ = {isa = PBXBuildFile; fileRef = 0E69095C2085C478006C15FD /* UIBarButtonItem+WJCategory.m */; };
		0E69099E2085C478006C15FD /* NSMutableDictionary+WJCagtegoty.m in Sources */ = {isa = PBXBuildFile; fileRef = 0E69095E2085C478006C15FD /* NSMutableDictionary+WJCagtegoty.m */; };
		0E69099F2085C478006C15FD /* NSMutableArray+WJMethodSwizzling.m in Sources */ = {isa = PBXBuildFile; fileRef = 0E6909602085C478006C15FD /* NSMutableArray+WJMethodSwizzling.m */; };
		0E6909A02085C478006C15FD /* UIColor+WJCategory.m in Sources */ = {isa = PBXBuildFile; fileRef = 0E6909612085C478006C15FD /* UIColor+WJCategory.m */; };
		0E6909A12085C478006C15FD /* UIView+WJCategory.m in Sources */ = {isa = PBXBuildFile; fileRef = 0E6909622085C478006C15FD /* UIView+WJCategory.m */; };
		0E6909A22085C478006C15FD /* NSDictionary+WJCategoty.m in Sources */ = {isa = PBXBuildFile; fileRef = 0E6909632085C478006C15FD /* NSDictionary+WJCategoty.m */; };
		0E6909A32085C478006C15FD /* WJBaseViewController.m in Sources */ = {isa = PBXBuildFile; fileRef = 0E69096C2085C478006C15FD /* WJBaseViewController.m */; };
		0E6909A42085C478006C15FD /* WJTableViewController.m in Sources */ = {isa = PBXBuildFile; fileRef = 0E69096D2085C478006C15FD /* WJTableViewController.m */; };
		0E6909BB2085EC63006C15FD /* UILabel+WJCategory.m in Sources */ = {isa = PBXBuildFile; fileRef = 0E6909B92085EC63006C15FD /* UILabel+WJCategory.m */; };
		0E690A352085EE21006C15FD /* KSGuaidViewManager.m in Sources */ = {isa = PBXBuildFile; fileRef = 0E690A0B2085EE21006C15FD /* KSGuaidViewManager.m */; };
		0E690A362085EE21006C15FD /* guid01.png in Resources */ = {isa = PBXBuildFile; fileRef = 0E690A0D2085EE21006C15FD /* guid01.png */; };
		0E690A372085EE21006C15FD /* guid02.png in Resources */ = {isa = PBXBuildFile; fileRef = 0E690A0E2085EE21006C15FD /* guid02.png */; };
		0E690A382085EE21006C15FD /* guid03.png in Resources */ = {isa = PBXBuildFile; fileRef = 0E690A0F2085EE21006C15FD /* guid03.png */; };
		0E690A392085EE21006C15FD /* guid04.png in Resources */ = {isa = PBXBuildFile; fileRef = 0E690A102085EE21006C15FD /* guid04.png */; };
		0E690A3A2085EE21006C15FD /* hidden@3x.png in Resources */ = {isa = PBXBuildFile; fileRef = 0E690A112085EE21006C15FD /* hidden@3x.png */; };
		0E690A3B2085EE21006C15FD /* hidden@2x.png in Resources */ = {isa = PBXBuildFile; fileRef = 0E690A122085EE21006C15FD /* hidden@2x.png */; };
		0E690A3C2085EE21006C15FD /* KSGuaidViewController.m in Sources */ = {isa = PBXBuildFile; fileRef = 0E690A152085EE21006C15FD /* KSGuaidViewController.m */; };
		0E690A3D2085EE21006C15FD /* KSGuaidViewCell.m in Sources */ = {isa = PBXBuildFile; fileRef = 0E690A162085EE21006C15FD /* KSGuaidViewCell.m */; };
		0E690A3E2085EE21006C15FD /* HUD_success@2x.png in Resources */ = {isa = PBXBuildFile; fileRef = 0E690A192085EE21006C15FD /* HUD_success@2x.png */; };
		0E690A3F2085EE21006C15FD /* HUD_success@3x.png in Resources */ = {isa = PBXBuildFile; fileRef = 0E690A1A2085EE21006C15FD /* HUD_success@3x.png */; };
		0E690A402085EE21006C15FD /* HUD_error@3x.png in Resources */ = {isa = PBXBuildFile; fileRef = 0E690A1B2085EE21006C15FD /* HUD_error@3x.png */; };
		0E690A412085EE21006C15FD /* HUD_info@3x.png in Resources */ = {isa = PBXBuildFile; fileRef = 0E690A1C2085EE21006C15FD /* HUD_info@3x.png */; };
		0E690A422085EE21006C15FD /* HUD_info@2x.png in Resources */ = {isa = PBXBuildFile; fileRef = 0E690A1D2085EE21006C15FD /* HUD_info@2x.png */; };
		0E690A432085EE21006C15FD /* HUD_error@2x.png in Resources */ = {isa = PBXBuildFile; fileRef = 0E690A1E2085EE21006C15FD /* HUD_error@2x.png */; };
		0E690A442085EE21006C15FD /* NSObject+ALiHUD.m in Sources */ = {isa = PBXBuildFile; fileRef = 0E690A202085EE21006C15FD /* NSObject+ALiHUD.m */; };
		0E690A452085EE21006C15FD /* ALiProgressHUD.m in Sources */ = {isa = PBXBuildFile; fileRef = 0E690A212085EE21006C15FD /* ALiProgressHUD.m */; };
		0E690A462085EE21006C15FD /* navigationItem_menu@2x.png in Resources */ = {isa = PBXBuildFile; fileRef = 0E690A282085EE21006C15FD /* navigationItem_menu@2x.png */; };
		0E690A472085EE21006C15FD /* right_menu_payMoney@2x.png in Resources */ = {isa = PBXBuildFile; fileRef = 0E690A292085EE21006C15FD /* right_menu_payMoney@2x.png */; };
		0E690A482085EE21006C15FD /* contacts_add_friend@2x.png in Resources */ = {isa = PBXBuildFile; fileRef = 0E690A2A2085EE21006C15FD /* contacts_add_friend@2x.png */; };
		0E690A492085EE21006C15FD /* contacts_add_money@2x.png in Resources */ = {isa = PBXBuildFile; fileRef = 0E690A2B2085EE21006C15FD /* contacts_add_money@2x.png */; };
		0E690A4A2085EE21006C15FD /* right_menu_QR@2x.png in Resources */ = {isa = PBXBuildFile; fileRef = 0E690A2C2085EE21006C15FD /* right_menu_QR@2x.png */; };
		0E690A4B2085EE21006C15FD /* right_menu_addFri@2x.png in Resources */ = {isa = PBXBuildFile; fileRef = 0E690A2D2085EE21006C15FD /* right_menu_addFri@2x.png */; };
		0E690A4C2085EE21006C15FD /* contacts_add_newmessage@2x.png in Resources */ = {isa = PBXBuildFile; fileRef = 0E690A2E2085EE21006C15FD /* contacts_add_newmessage@2x.png */; };
		0E690A4D2085EE21006C15FD /* right_menu_facetoface@2x.png in Resources */ = {isa = PBXBuildFile; fileRef = 0E690A2F2085EE21006C15FD /* right_menu_facetoface@2x.png */; };
		0E690A4E2085EE21006C15FD /* right_menu_multichat@2x.png in Resources */ = {isa = PBXBuildFile; fileRef = 0E690A302085EE21006C15FD /* right_menu_multichat@2x.png */; };
		0E690A4F2085EE21006C15FD /* contacts_add_scan@2x.png in Resources */ = {isa = PBXBuildFile; fileRef = 0E690A312085EE21006C15FD /* contacts_add_scan@2x.png */; };
		0E690A502085EE21006C15FD /* PopoverAction.m in Sources */ = {isa = PBXBuildFile; fileRef = 0E690A322085EE21006C15FD /* PopoverAction.m */; };
		0E690A512085EE21006C15FD /* PopoverView.m in Sources */ = {isa = PBXBuildFile; fileRef = 0E690A332085EE21006C15FD /* PopoverView.m */; };
		0E690A522085EE21006C15FD /* PopoverViewCell.m in Sources */ = {isa = PBXBuildFile; fileRef = 0E690A342085EE21006C15FD /* PopoverViewCell.m */; };
		0EDA6C7620859F470052590C /* AppDelegate.m in Sources */ = {isa = PBXBuildFile; fileRef = 0EDA6C7520859F470052590C /* AppDelegate.m */; };
		0EDA6C7C20859F470052590C /* Main.storyboard in Resources */ = {isa = PBXBuildFile; fileRef = 0EDA6C7A20859F470052590C /* Main.storyboard */; };
		0EDA6C7E20859F480052590C /* Assets.xcassets in Resources */ = {isa = PBXBuildFile; fileRef = 0EDA6C7D20859F480052590C /* Assets.xcassets */; };
		0EDA6C8120859F480052590C /* LaunchScreen.storyboard in Resources */ = {isa = PBXBuildFile; fileRef = 0EDA6C7F20859F480052590C /* LaunchScreen.storyboard */; };
		0EDA6C8420859F480052590C /* main.m in Sources */ = {isa = PBXBuildFile; fileRef = 0EDA6C8320859F480052590C /* main.m */; };
		4E51567E0B4E42906C29CADF /* libPods-WJDeveloperToolsDemo.a in Frameworks */ = {isa = PBXBuildFile; fileRef = FFE1EE836209EE576308E66C /* libPods-WJDeveloperToolsDemo.a */; };
/* End PBXBuildFile section */

/* Begin PBXFileReference section */
		0E1CD1942085A10A001E1262 /* HUBDetailVC.m */ = {isa = PBXFileReference; fileEncoding = 4; lastKnownFileType = sourcecode.c.objc; path = HUBDetailVC.m; sourceTree = "<group>"; };
		0E1CD1952085A10A001E1262 /* HUBDetailVC.h */ = {isa = PBXFileReference; fileEncoding = 4; lastKnownFileType = sourcecode.c.h; path = HUBDetailVC.h; sourceTree = "<group>"; };
		0E1CD1962085A10A001E1262 /* ViewController.h */ = {isa = PBXFileReference; fileEncoding = 4; lastKnownFileType = sourcecode.c.h; path = ViewController.h; sourceTree = "<group>"; };
		0E1CD1972085A10A001E1262 /* ViewController.m */ = {isa = PBXFileReference; fileEncoding = 4; lastKnownFileType = sourcecode.c.objc; path = ViewController.m; sourceTree = "<group>"; };
		0E1CD1982085A10A001E1262 /* ClickMenuVC.h */ = {isa = PBXFileReference; fileEncoding = 4; lastKnownFileType = sourcecode.c.h; path = ClickMenuVC.h; sourceTree = "<group>"; };
		0E1CD1992085A10A001E1262 /* ClickMenuVC.m */ = {isa = PBXFileReference; fileEncoding = 4; lastKnownFileType = sourcecode.c.objc; path = ClickMenuVC.m; sourceTree = "<group>"; };
		0E1CD1AA2085BF2F001E1262 /* User.h */ = {isa = PBXFileReference; lastKnownFileType = sourcecode.c.h; path = User.h; sourceTree = "<group>"; };
		0E1CD1AB2085BF2F001E1262 /* User.m */ = {isa = PBXFileReference; lastKnownFileType = sourcecode.c.objc; path = User.m; sourceTree = "<group>"; };
		0E6909192085C478006C15FD /* HelperUtil.h */ = {isa = PBXFileReference; fileEncoding = 4; lastKnownFileType = sourcecode.c.h; path = HelperUtil.h; sourceTree = "<group>"; };
		0E69091B2085C478006C15FD /* WJFileManager.m */ = {isa = PBXFileReference; fileEncoding = 4; lastKnownFileType = sourcecode.c.objc; path = WJFileManager.m; sourceTree = "<group>"; };
		0E69091D2085C478006C15FD /* HelperUtil.m */ = {isa = PBXFileReference; fileEncoding = 4; lastKnownFileType = sourcecode.c.objc; path = HelperUtil.m; sourceTree = "<group>"; };
		0E69092A2085C478006C15FD /* WJFileManager.h */ = {isa = PBXFileReference; fileEncoding = 4; lastKnownFileType = sourcecode.c.h; path = WJFileManager.h; sourceTree = "<group>"; };
		0E69093D2085C478006C15FD /* WJClassHeader.h */ = {isa = PBXFileReference; fileEncoding = 4; lastKnownFileType = sourcecode.c.h; path = WJClassHeader.h; sourceTree = "<group>"; };
		0E69093E2085C478006C15FD /* WJDefineHeader.h */ = {isa = PBXFileReference; fileEncoding = 4; lastKnownFileType = sourcecode.c.h; path = WJDefineHeader.h; sourceTree = "<group>"; };
		0E69093F2085C478006C15FD /* Single.h */ = {isa = PBXFileReference; fileEncoding = 4; lastKnownFileType = sourcecode.c.h; path = Single.h; sourceTree = "<group>"; };
		0E6909402085C478006C15FD /* WJCategoryHeader.h */ = {isa = PBXFileReference; fileEncoding = 4; lastKnownFileType = sourcecode.c.h; path = WJCategoryHeader.h; sourceTree = "<group>"; };
		0E6909422085C478006C15FD /* UITextField+WJCategory.m */ = {isa = PBXFileReference; fileEncoding = 4; lastKnownFileType = sourcecode.c.objc; path = "UITextField+WJCategory.m"; sourceTree = "<group>"; };
		0E6909432085C478006C15FD /* UITextView+WJCategory.m */ = {isa = PBXFileReference; fileEncoding = 4; lastKnownFileType = sourcecode.c.objc; path = "UITextView+WJCategory.m"; sourceTree = "<group>"; };
		0E6909442085C478006C15FD /* NSString+WJCategory.m */ = {isa = PBXFileReference; fileEncoding = 4; lastKnownFileType = sourcecode.c.objc; path = "NSString+WJCategory.m"; sourceTree = "<group>"; };
		0E6909452085C478006C15FD /* NSArray+WJCategory.m */ = {isa = PBXFileReference; fileEncoding = 4; lastKnownFileType = sourcecode.c.objc; path = "NSArray+WJCategory.m"; sourceTree = "<group>"; };
		0E6909462085C478006C15FD /* UIViewController+WJMethodSwizzling.m */ = {isa = PBXFileReference; fileEncoding = 4; lastKnownFileType = sourcecode.c.objc; path = "UIViewController+WJMethodSwizzling.m"; sourceTree = "<group>"; };
		0E6909472085C478006C15FD /* NSFileManager+WJCategory.m */ = {isa = PBXFileReference; fileEncoding = 4; lastKnownFileType = sourcecode.c.objc; path = "NSFileManager+WJCategory.m"; sourceTree = "<group>"; };
		0E6909482085C478006C15FD /* NSDate+WJCategoryMethod.m */ = {isa = PBXFileReference; fileEncoding = 4; lastKnownFileType = sourcecode.c.objc; path = "NSDate+WJCategoryMethod.m"; sourceTree = "<group>"; };
		0E69094A2085C478006C15FD /* UIAlertController+WJCategory.h */ = {isa = PBXFileReference; fileEncoding = 4; lastKnownFileType = sourcecode.c.h; path = "UIAlertController+WJCategory.h"; sourceTree = "<group>"; };
		0E69094B2085C478006C15FD /* UIView+WJCategory.h */ = {isa = PBXFileReference; fileEncoding = 4; lastKnownFileType = sourcecode.c.h; path = "UIView+WJCategory.h"; sourceTree = "<group>"; };
		0E69094C2085C478006C15FD /* NSDictionary+WJCategoty.h */ = {isa = PBXFileReference; fileEncoding = 4; lastKnownFileType = sourcecode.c.h; path = "NSDictionary+WJCategoty.h"; sourceTree = "<group>"; };
		0E69094D2085C478006C15FD /* UIColor+WJCategory.h */ = {isa = PBXFileReference; fileEncoding = 4; lastKnownFileType = sourcecode.c.h; path = "UIColor+WJCategory.h"; sourceTree = "<group>"; };
		0E69094E2085C478006C15FD /* NSMutableArray+WJMethodSwizzling.h */ = {isa = PBXFileReference; fileEncoding = 4; lastKnownFileType = sourcecode.c.h; path = "NSMutableArray+WJMethodSwizzling.h"; sourceTree = "<group>"; };
		0E69094F2085C478006C15FD /* NSObject+WJCategory.m */ = {isa = PBXFileReference; fileEncoding = 4; lastKnownFileType = sourcecode.c.objc; path = "NSObject+WJCategory.m"; sourceTree = "<group>"; };
		0E6909502085C478006C15FD /* UIButton+WJCategory.m */ = {isa = PBXFileReference; fileEncoding = 4; lastKnownFileType = sourcecode.c.objc; path = "UIButton+WJCategory.m"; sourceTree = "<group>"; };
		0E6909512085C478006C15FD /* NSMutableDictionary+WJCagtegoty.h */ = {isa = PBXFileReference; fileEncoding = 4; lastKnownFileType = sourcecode.c.h; path = "NSMutableDictionary+WJCagtegoty.h"; sourceTree = "<group>"; };
		0E6909522085C478006C15FD /* UIBarButtonItem+WJCategory.h */ = {isa = PBXFileReference; fileEncoding = 4; lastKnownFileType = sourcecode.c.h; path = "UIBarButtonItem+WJCategory.h"; sourceTree = "<group>"; };
		0E6909532085C478006C15FD /* UITextField+WJCategory.h */ = {isa = PBXFileReference; fileEncoding = 4; lastKnownFileType = sourcecode.c.h; path = "UITextField+WJCategory.h"; sourceTree = "<group>"; };
		0E6909542085C478006C15FD /* NSArray+WJCategory.h */ = {isa = PBXFileReference; fileEncoding = 4; lastKnownFileType = sourcecode.c.h; path = "NSArray+WJCategory.h"; sourceTree = "<group>"; };
		0E6909552085C478006C15FD /* NSString+WJCategory.h */ = {isa = PBXFileReference; fileEncoding = 4; lastKnownFileType = sourcecode.c.h; path = "NSString+WJCategory.h"; sourceTree = "<group>"; };
		0E6909562085C478006C15FD /* UITextView+WJCategory.h */ = {isa = PBXFileReference; fileEncoding = 4; lastKnownFileType = sourcecode.c.h; path = "UITextView+WJCategory.h"; sourceTree = "<group>"; };
		0E6909572085C478006C15FD /* UIAlertController+WJCategory.m */ = {isa = PBXFileReference; fileEncoding = 4; lastKnownFileType = sourcecode.c.objc; path = "UIAlertController+WJCategory.m"; sourceTree = "<group>"; };
		0E6909592085C478006C15FD /* NSDate+WJCategoryMethod.h */ = {isa = PBXFileReference; fileEncoding = 4; lastKnownFileType = sourcecode.c.h; path = "NSDate+WJCategoryMethod.h"; sourceTree = "<group>"; };
		0E69095A2085C478006C15FD /* NSFileManager+WJCategory.h */ = {isa = PBXFileReference; fileEncoding = 4; lastKnownFileType = sourcecode.c.h; path = "NSFileManager+WJCategory.h"; sourceTree = "<group>"; };
		0E69095B2085C478006C15FD /* UIViewController+WJMethodSwizzling.h */ = {isa = PBXFileReference; fileEncoding = 4; lastKnownFileType = sourcecode.c.h; path = "UIViewController+WJMethodSwizzling.h"; sourceTree = "<group>"; };
		0E69095C2085C478006C15FD /* UIBarButtonItem+WJCategory.m */ = {isa = PBXFileReference; fileEncoding = 4; lastKnownFileType = sourcecode.c.objc; path = "UIBarButtonItem+WJCategory.m"; sourceTree = "<group>"; };
		0E69095D2085C478006C15FD /* UIButton+WJCategory.h */ = {isa = PBXFileReference; fileEncoding = 4; lastKnownFileType = sourcecode.c.h; path = "UIButton+WJCategory.h"; sourceTree = "<group>"; };
		0E69095E2085C478006C15FD /* NSMutableDictionary+WJCagtegoty.m */ = {isa = PBXFileReference; fileEncoding = 4; lastKnownFileType = sourcecode.c.objc; path = "NSMutableDictionary+WJCagtegoty.m"; sourceTree = "<group>"; };
		0E69095F2085C478006C15FD /* NSObject+WJCategory.h */ = {isa = PBXFileReference; fileEncoding = 4; lastKnownFileType = sourcecode.c.h; path = "NSObject+WJCategory.h"; sourceTree = "<group>"; };
		0E6909602085C478006C15FD /* NSMutableArray+WJMethodSwizzling.m */ = {isa = PBXFileReference; fileEncoding = 4; lastKnownFileType = sourcecode.c.objc; path = "NSMutableArray+WJMethodSwizzling.m"; sourceTree = "<group>"; };
		0E6909612085C478006C15FD /* UIColor+WJCategory.m */ = {isa = PBXFileReference; fileEncoding = 4; lastKnownFileType = sourcecode.c.objc; path = "UIColor+WJCategory.m"; sourceTree = "<group>"; };
		0E6909622085C478006C15FD /* UIView+WJCategory.m */ = {isa = PBXFileReference; fileEncoding = 4; lastKnownFileType = sourcecode.c.objc; path = "UIView+WJCategory.m"; sourceTree = "<group>"; };
		0E6909632085C478006C15FD /* NSDictionary+WJCategoty.m */ = {isa = PBXFileReference; fileEncoding = 4; lastKnownFileType = sourcecode.c.objc; path = "NSDictionary+WJCategoty.m"; sourceTree = "<group>"; };
		0E6909652085C478006C15FD /* WJBaseVCProtocol.h */ = {isa = PBXFileReference; fileEncoding = 4; lastKnownFileType = sourcecode.c.h; path = WJBaseVCProtocol.h; sourceTree = "<group>"; };
		0E69096B2085C478006C15FD /* WJTableViewController.h */ = {isa = PBXFileReference; fileEncoding = 4; lastKnownFileType = sourcecode.c.h; path = WJTableViewController.h; sourceTree = "<group>"; };
		0E69096C2085C478006C15FD /* WJBaseViewController.m */ = {isa = PBXFileReference; fileEncoding = 4; lastKnownFileType = sourcecode.c.objc; path = WJBaseViewController.m; sourceTree = "<group>"; };
		0E69096D2085C478006C15FD /* WJTableViewController.m */ = {isa = PBXFileReference; fileEncoding = 4; lastKnownFileType = sourcecode.c.objc; path = WJTableViewController.m; sourceTree = "<group>"; };
		0E69096E2085C478006C15FD /* WJBaseViewController.h */ = {isa = PBXFileReference; fileEncoding = 4; lastKnownFileType = sourcecode.c.h; path = WJBaseViewController.h; sourceTree = "<group>"; };
		0E6909702085C478006C15FD /* WJDeveloperHeader.h */ = {isa = PBXFileReference; fileEncoding = 4; lastKnownFileType = sourcecode.c.h; path = WJDeveloperHeader.h; sourceTree = "<group>"; };
		0E6909B92085EC63006C15FD /* UILabel+WJCategory.m */ = {isa = PBXFileReference; fileEncoding = 4; lastKnownFileType = sourcecode.c.objc; path = "UILabel+WJCategory.m"; sourceTree = "<group>"; };
		0E6909BA2085EC63006C15FD /* UILabel+WJCategory.h */ = {isa = PBXFileReference; fileEncoding = 4; lastKnownFileType = sourcecode.c.h; path = "UILabel+WJCategory.h"; sourceTree = "<group>"; };
		0E690A0A2085EE21006C15FD /* KSGuaidViewController.h */ = {isa = PBXFileReference; fileEncoding = 4; lastKnownFileType = sourcecode.c.h; path = KSGuaidViewController.h; sourceTree = "<group>"; };
		0E690A0B2085EE21006C15FD /* KSGuaidViewManager.m */ = {isa = PBXFileReference; fileEncoding = 4; lastKnownFileType = sourcecode.c.objc; path = KSGuaidViewManager.m; sourceTree = "<group>"; };
		0E690A0D2085EE21006C15FD /* guid01.png */ = {isa = PBXFileReference; lastKnownFileType = image.png; path = guid01.png; sourceTree = "<group>"; };
		0E690A0E2085EE21006C15FD /* guid02.png */ = {isa = PBXFileReference; lastKnownFileType = image.png; path = guid02.png; sourceTree = "<group>"; };
		0E690A0F2085EE21006C15FD /* guid03.png */ = {isa = PBXFileReference; lastKnownFileType = image.png; path = guid03.png; sourceTree = "<group>"; };
		0E690A102085EE21006C15FD /* guid04.png */ = {isa = PBXFileReference; lastKnownFileType = image.png; path = guid04.png; sourceTree = "<group>"; };
		0E690A112085EE21006C15FD /* hidden@3x.png */ = {isa = PBXFileReference; lastKnownFileType = image.png; path = "hidden@3x.png"; sourceTree = "<group>"; };
		0E690A122085EE21006C15FD /* hidden@2x.png */ = {isa = PBXFileReference; lastKnownFileType = image.png; path = "hidden@2x.png"; sourceTree = "<group>"; };
		0E690A132085EE21006C15FD /* KSGuaidViewCell.h */ = {isa = PBXFileReference; fileEncoding = 4; lastKnownFileType = sourcecode.c.h; path = KSGuaidViewCell.h; sourceTree = "<group>"; };
		0E690A142085EE21006C15FD /* KSGuaidViewManager.h */ = {isa = PBXFileReference; fileEncoding = 4; lastKnownFileType = sourcecode.c.h; path = KSGuaidViewManager.h; sourceTree = "<group>"; };
		0E690A152085EE21006C15FD /* KSGuaidViewController.m */ = {isa = PBXFileReference; fileEncoding = 4; lastKnownFileType = sourcecode.c.objc; path = KSGuaidViewController.m; sourceTree = "<group>"; };
		0E690A162085EE21006C15FD /* KSGuaidViewCell.m */ = {isa = PBXFileReference; fileEncoding = 4; lastKnownFileType = sourcecode.c.objc; path = KSGuaidViewCell.m; sourceTree = "<group>"; };
		0E690A192085EE21006C15FD /* HUD_success@2x.png */ = {isa = PBXFileReference; lastKnownFileType = image.png; path = "HUD_success@2x.png"; sourceTree = "<group>"; };
		0E690A1A2085EE21006C15FD /* HUD_success@3x.png */ = {isa = PBXFileReference; lastKnownFileType = image.png; path = "HUD_success@3x.png"; sourceTree = "<group>"; };
		0E690A1B2085EE21006C15FD /* HUD_error@3x.png */ = {isa = PBXFileReference; lastKnownFileType = image.png; path = "HUD_error@3x.png"; sourceTree = "<group>"; };
		0E690A1C2085EE21006C15FD /* HUD_info@3x.png */ = {isa = PBXFileReference; lastKnownFileType = image.png; path = "HUD_info@3x.png"; sourceTree = "<group>"; };
		0E690A1D2085EE21006C15FD /* HUD_info@2x.png */ = {isa = PBXFileReference; lastKnownFileType = image.png; path = "HUD_info@2x.png"; sourceTree = "<group>"; };
		0E690A1E2085EE21006C15FD /* HUD_error@2x.png */ = {isa = PBXFileReference; lastKnownFileType = image.png; path = "HUD_error@2x.png"; sourceTree = "<group>"; };
		0E690A1F2085EE21006C15FD /* ALiProgressHUD.h */ = {isa = PBXFileReference; fileEncoding = 4; lastKnownFileType = sourcecode.c.h; path = ALiProgressHUD.h; sourceTree = "<group>"; };
		0E690A202085EE21006C15FD /* NSObject+ALiHUD.m */ = {isa = PBXFileReference; fileEncoding = 4; lastKnownFileType = sourcecode.c.objc; path = "NSObject+ALiHUD.m"; sourceTree = "<group>"; };
		0E690A212085EE21006C15FD /* ALiProgressHUD.m */ = {isa = PBXFileReference; fileEncoding = 4; lastKnownFileType = sourcecode.c.objc; path = ALiProgressHUD.m; sourceTree = "<group>"; };
		0E690A222085EE21006C15FD /* NSObject+ALiHUD.h */ = {isa = PBXFileReference; fileEncoding = 4; lastKnownFileType = sourcecode.c.h; path = "NSObject+ALiHUD.h"; sourceTree = "<group>"; };
		0E690A242085EE21006C15FD /* PopoverView.h */ = {isa = PBXFileReference; fileEncoding = 4; lastKnownFileType = sourcecode.c.h; path = PopoverView.h; sourceTree = "<group>"; };
		0E690A252085EE21006C15FD /* PopoverViewCell.h */ = {isa = PBXFileReference; fileEncoding = 4; lastKnownFileType = sourcecode.c.h; path = PopoverViewCell.h; sourceTree = "<group>"; };
		0E690A262085EE21006C15FD /* PopoverAction.h */ = {isa = PBXFileReference; fileEncoding = 4; lastKnownFileType = sourcecode.c.h; path = PopoverAction.h; sourceTree = "<group>"; };
		0E690A282085EE21006C15FD /* navigationItem_menu@2x.png */ = {isa = PBXFileReference; lastKnownFileType = image.png; path = "navigationItem_menu@2x.png"; sourceTree = "<group>"; };
		0E690A292085EE21006C15FD /* right_menu_payMoney@2x.png */ = {isa = PBXFileReference; lastKnownFileType = image.png; path = "right_menu_payMoney@2x.png"; sourceTree = "<group>"; };
		0E690A2A2085EE21006C15FD /* contacts_add_friend@2x.png */ = {isa = PBXFileReference; lastKnownFileType = image.png; path = "contacts_add_friend@2x.png"; sourceTree = "<group>"; };
		0E690A2B2085EE21006C15FD /* contacts_add_money@2x.png */ = {isa = PBXFileReference; lastKnownFileType = image.png; path = "contacts_add_money@2x.png"; sourceTree = "<group>"; };
		0E690A2C2085EE21006C15FD /* right_menu_QR@2x.png */ = {isa = PBXFileReference; lastKnownFileType = image.png; path = "right_menu_QR@2x.png"; sourceTree = "<group>"; };
		0E690A2D2085EE21006C15FD /* right_menu_addFri@2x.png */ = {isa = PBXFileReference; lastKnownFileType = image.png; path = "right_menu_addFri@2x.png"; sourceTree = "<group>"; };
		0E690A2E2085EE21006C15FD /* contacts_add_newmessage@2x.png */ = {isa = PBXFileReference; lastKnownFileType = image.png; path = "contacts_add_newmessage@2x.png"; sourceTree = "<group>"; };
		0E690A2F2085EE21006C15FD /* right_menu_facetoface@2x.png */ = {isa = PBXFileReference; lastKnownFileType = image.png; path = "right_menu_facetoface@2x.png"; sourceTree = "<group>"; };
		0E690A302085EE21006C15FD /* right_menu_multichat@2x.png */ = {isa = PBXFileReference; lastKnownFileType = image.png; path = "right_menu_multichat@2x.png"; sourceTree = "<group>"; };
		0E690A312085EE21006C15FD /* contacts_add_scan@2x.png */ = {isa = PBXFileReference; lastKnownFileType = image.png; path = "contacts_add_scan@2x.png"; sourceTree = "<group>"; };
		0E690A322085EE21006C15FD /* PopoverAction.m */ = {isa = PBXFileReference; fileEncoding = 4; lastKnownFileType = sourcecode.c.objc; path = PopoverAction.m; sourceTree = "<group>"; };
		0E690A332085EE21006C15FD /* PopoverView.m */ = {isa = PBXFileReference; fileEncoding = 4; lastKnownFileType = sourcecode.c.objc; path = PopoverView.m; sourceTree = "<group>"; };
		0E690A342085EE21006C15FD /* PopoverViewCell.m */ = {isa = PBXFileReference; fileEncoding = 4; lastKnownFileType = sourcecode.c.objc; path = PopoverViewCell.m; sourceTree = "<group>"; };
		0E7F8BAF79CF58C001DFD533 /* Pods-WJDeveloperToolsDemo.release.xcconfig */ = {isa = PBXFileReference; includeInIndex = 1; lastKnownFileType = text.xcconfig; name = "Pods-WJDeveloperToolsDemo.release.xcconfig"; path = "Pods/Target Support Files/Pods-WJDeveloperToolsDemo/Pods-WJDeveloperToolsDemo.release.xcconfig"; sourceTree = "<group>"; };
		0EDA6C7120859F470052590C /* WJDeveloperToolsDemo.app */ = {isa = PBXFileReference; explicitFileType = wrapper.application; includeInIndex = 0; path = WJDeveloperToolsDemo.app; sourceTree = BUILT_PRODUCTS_DIR; };
		0EDA6C7420859F470052590C /* AppDelegate.h */ = {isa = PBXFileReference; lastKnownFileType = sourcecode.c.h; path = AppDelegate.h; sourceTree = "<group>"; };
		0EDA6C7520859F470052590C /* AppDelegate.m */ = {isa = PBXFileReference; lastKnownFileType = sourcecode.c.objc; path = AppDelegate.m; sourceTree = "<group>"; };
		0EDA6C7B20859F470052590C /* Base */ = {isa = PBXFileReference; lastKnownFileType = file.storyboard; name = Base; path = Base.lproj/Main.storyboard; sourceTree = "<group>"; };
		0EDA6C7D20859F480052590C /* Assets.xcassets */ = {isa = PBXFileReference; lastKnownFileType = folder.assetcatalog; path = Assets.xcassets; sourceTree = "<group>"; };
		0EDA6C8020859F480052590C /* Base */ = {isa = PBXFileReference; lastKnownFileType = file.storyboard; name = Base; path = Base.lproj/LaunchScreen.storyboard; sourceTree = "<group>"; };
		0EDA6C8220859F480052590C /* Info.plist */ = {isa = PBXFileReference; lastKnownFileType = text.plist.xml; path = Info.plist; sourceTree = "<group>"; };
		0EDA6C8320859F480052590C /* main.m */ = {isa = PBXFileReference; lastKnownFileType = sourcecode.c.objc; path = main.m; sourceTree = "<group>"; };
		0EDA6C8A20859F710052590C /* PrefixHeader.h */ = {isa = PBXFileReference; lastKnownFileType = sourcecode.c.h; path = PrefixHeader.h; sourceTree = "<group>"; };
		AAD955E7784736540EAF2F13 /* Pods-WJDeveloperToolsDemo.debug.xcconfig */ = {isa = PBXFileReference; includeInIndex = 1; lastKnownFileType = text.xcconfig; name = "Pods-WJDeveloperToolsDemo.debug.xcconfig"; path = "Pods/Target Support Files/Pods-WJDeveloperToolsDemo/Pods-WJDeveloperToolsDemo.debug.xcconfig"; sourceTree = "<group>"; };
		FFE1EE836209EE576308E66C /* libPods-WJDeveloperToolsDemo.a */ = {isa = PBXFileReference; explicitFileType = archive.ar; includeInIndex = 0; path = "libPods-WJDeveloperToolsDemo.a"; sourceTree = BUILT_PRODUCTS_DIR; };
/* End PBXFileReference section */

/* Begin PBXFrameworksBuildPhase section */
		0EDA6C6E20859F470052590C /* Frameworks */ = {
			isa = PBXFrameworksBuildPhase;
			buildActionMask = 2147483647;
			files = (
				4E51567E0B4E42906C29CADF /* libPods-WJDeveloperToolsDemo.a in Frameworks */,
			);
			runOnlyForDeploymentPostprocessing = 0;
		};
/* End PBXFrameworksBuildPhase section */

/* Begin PBXGroup section */
		0E1CD1932085A0E5001E1262 /* VCS */ = {
			isa = PBXGroup;
			children = (
				0E1CD1982085A10A001E1262 /* ClickMenuVC.h */,
				0E1CD1992085A10A001E1262 /* ClickMenuVC.m */,
				0E1CD1952085A10A001E1262 /* HUBDetailVC.h */,
				0E1CD1942085A10A001E1262 /* HUBDetailVC.m */,
				0E1CD1962085A10A001E1262 /* ViewController.h */,
				0E1CD1972085A10A001E1262 /* ViewController.m */,
				0E1CD1AA2085BF2F001E1262 /* User.h */,
				0E1CD1AB2085BF2F001E1262 /* User.m */,
			);
			path = VCS;
			sourceTree = "<group>";
		};
		0E6909092085C478006C15FD /* WJDeveloperTools */ = {
			isa = PBXGroup;
			children = (
				0E69093D2085C478006C15FD /* WJClassHeader.h */,
				0E69093E2085C478006C15FD /* WJDefineHeader.h */,
				0E6909402085C478006C15FD /* WJCategoryHeader.h */,
				0E69090A2085C478006C15FD /* Others */,
				0E6909412085C478006C15FD /* Categories */,
				0E6909642085C478006C15FD /* Protocols */,
				0E6909662085C478006C15FD /* Base */,
				0E6909702085C478006C15FD /* WJDeveloperHeader.h */,
			);
			path = WJDeveloperTools;
			sourceTree = SOURCE_ROOT;
		};
		0E69090A2085C478006C15FD /* Others */ = {
			isa = PBXGroup;
			children = (
				0E690A072085EE21006C15FD /* Tools */,
				0E690A082085EE21006C15FD /* Vendor */,
			);
			path = Others;
			sourceTree = "<group>";
		};
		0E6909412085C478006C15FD /* Categories */ = {
			isa = PBXGroup;
			children = (
				0E6909562085C478006C15FD /* UITextView+WJCategory.h */,
				0E6909432085C478006C15FD /* UITextView+WJCategory.m */,
				0E6909552085C478006C15FD /* NSString+WJCategory.h */,
				0E6909442085C478006C15FD /* NSString+WJCategory.m */,
				0E6909592085C478006C15FD /* NSDate+WJCategoryMethod.h */,
				0E6909482085C478006C15FD /* NSDate+WJCategoryMethod.m */,
				0E69094A2085C478006C15FD /* UIAlertController+WJCategory.h */,
				0E6909572085C478006C15FD /* UIAlertController+WJCategory.m */,
				0E69094B2085C478006C15FD /* UIView+WJCategory.h */,
				0E6909622085C478006C15FD /* UIView+WJCategory.m */,
				0E69095D2085C478006C15FD /* UIButton+WJCategory.h */,
				0E6909502085C478006C15FD /* UIButton+WJCategory.m */,
				0E6909532085C478006C15FD /* UITextField+WJCategory.h */,
				0E6909422085C478006C15FD /* UITextField+WJCategory.m */,
				0E6909542085C478006C15FD /* NSArray+WJCategory.h */,
				0E6909452085C478006C15FD /* NSArray+WJCategory.m */,
				0E69095A2085C478006C15FD /* NSFileManager+WJCategory.h */,
				0E6909472085C478006C15FD /* NSFileManager+WJCategory.m */,
				0E69095B2085C478006C15FD /* UIViewController+WJMethodSwizzling.h */,
				0E6909462085C478006C15FD /* UIViewController+WJMethodSwizzling.m */,
				0E6909522085C478006C15FD /* UIBarButtonItem+WJCategory.h */,
				0E69095C2085C478006C15FD /* UIBarButtonItem+WJCategory.m */,
				0E69095F2085C478006C15FD /* NSObject+WJCategory.h */,
				0E69094F2085C478006C15FD /* NSObject+WJCategory.m */,
				0E6909512085C478006C15FD /* NSMutableDictionary+WJCagtegoty.h */,
				0E69095E2085C478006C15FD /* NSMutableDictionary+WJCagtegoty.m */,
				0E69094E2085C478006C15FD /* NSMutableArray+WJMethodSwizzling.h */,
				0E6909602085C478006C15FD /* NSMutableArray+WJMethodSwizzling.m */,
				0E69094D2085C478006C15FD /* UIColor+WJCategory.h */,
				0E6909612085C478006C15FD /* UIColor+WJCategory.m */,
				0E69094C2085C478006C15FD /* NSDictionary+WJCategoty.h */,
				0E6909632085C478006C15FD /* NSDictionary+WJCategoty.m */,
				0E6909BA2085EC63006C15FD /* UILabel+WJCategory.h */,
				0E6909B92085EC63006C15FD /* UILabel+WJCategory.m */,
			);
			path = Categories;
			sourceTree = "<group>";
		};
		0E6909642085C478006C15FD /* Protocols */ = {
			isa = PBXGroup;
			children = (
				0E6909652085C478006C15FD /* WJBaseVCProtocol.h */,
			);
			path = Protocols;
			sourceTree = "<group>";
		};
		0E6909662085C478006C15FD /* Base */ = {
			isa = PBXGroup;
			children = (
				0E6909672085C478006C15FD /* Models */,
				0E6909682085C478006C15FD /* Presenters */,
				0E6909692085C478006C15FD /* Views */,
			);
			path = Base;
			sourceTree = "<group>";
		};
		0E6909672085C478006C15FD /* Models */ = {
			isa = PBXGroup;
			children = (
			);
			path = Models;
			sourceTree = "<group>";
		};
		0E6909682085C478006C15FD /* Presenters */ = {
			isa = PBXGroup;
			children = (
			);
			path = Presenters;
			sourceTree = "<group>";
		};
		0E6909692085C478006C15FD /* Views */ = {
			isa = PBXGroup;
			children = (
				0E69096A2085C478006C15FD /* VC */,
				0E69096F2085C478006C15FD /* View */,
			);
			path = Views;
			sourceTree = "<group>";
		};
		0E69096A2085C478006C15FD /* VC */ = {
			isa = PBXGroup;
			children = (
				0E69096B2085C478006C15FD /* WJTableViewController.h */,
				0E69096C2085C478006C15FD /* WJBaseViewController.m */,
				0E69096D2085C478006C15FD /* WJTableViewController.m */,
				0E69096E2085C478006C15FD /* WJBaseViewController.h */,
			);
			path = VC;
			sourceTree = "<group>";
		};
		0E69096F2085C478006C15FD /* View */ = {
			isa = PBXGroup;
			children = (
			);
			path = View;
			sourceTree = "<group>";
		};
		0E690A072085EE21006C15FD /* Tools */ = {
			isa = PBXGroup;
			children = (
				0E69093F2085C478006C15FD /* Single.h */,
				0E69092A2085C478006C15FD /* WJFileManager.h */,
				0E69091B2085C478006C15FD /* WJFileManager.m */,
				0E69091D2085C478006C15FD /* HelperUtil.m */,
				0E6909192085C478006C15FD /* HelperUtil.h */,
			);
			path = Tools;
			sourceTree = "<group>";
		};
		0E690A082085EE21006C15FD /* Vendor */ = {
			isa = PBXGroup;
			children = (
				0E690A092085EE21006C15FD /* GuidePage */,
				0E690A172085EE21006C15FD /* ALiHUD */,
				0E690A232085EE21006C15FD /* AppearMenu */,
			);
			path = Vendor;
			sourceTree = "<group>";
		};
		0E690A092085EE21006C15FD /* GuidePage */ = {
			isa = PBXGroup;
			children = (
				0E690A0A2085EE21006C15FD /* KSGuaidViewController.h */,
				0E690A0B2085EE21006C15FD /* KSGuaidViewManager.m */,
				0E690A0C2085EE21006C15FD /* iamges */,
				0E690A132085EE21006C15FD /* KSGuaidViewCell.h */,
				0E690A142085EE21006C15FD /* KSGuaidViewManager.h */,
				0E690A152085EE21006C15FD /* KSGuaidViewController.m */,
				0E690A162085EE21006C15FD /* KSGuaidViewCell.m */,
			);
			path = GuidePage;
			sourceTree = "<group>";
		};
		0E690A0C2085EE21006C15FD /* iamges */ = {
			isa = PBXGroup;
			children = (
				0E690A0D2085EE21006C15FD /* guid01.png */,
				0E690A0E2085EE21006C15FD /* guid02.png */,
				0E690A0F2085EE21006C15FD /* guid03.png */,
				0E690A102085EE21006C15FD /* guid04.png */,
				0E690A112085EE21006C15FD /* hidden@3x.png */,
				0E690A122085EE21006C15FD /* hidden@2x.png */,
			);
			path = iamges;
			sourceTree = "<group>";
		};
		0E690A172085EE21006C15FD /* ALiHUD */ = {
			isa = PBXGroup;
			children = (
				0E690A182085EE21006C15FD /* images */,
				0E690A1F2085EE21006C15FD /* ALiProgressHUD.h */,
				0E690A202085EE21006C15FD /* NSObject+ALiHUD.m */,
				0E690A212085EE21006C15FD /* ALiProgressHUD.m */,
				0E690A222085EE21006C15FD /* NSObject+ALiHUD.h */,
			);
			path = ALiHUD;
			sourceTree = "<group>";
		};
		0E690A182085EE21006C15FD /* images */ = {
			isa = PBXGroup;
			children = (
				0E690A192085EE21006C15FD /* HUD_success@2x.png */,
				0E690A1A2085EE21006C15FD /* HUD_success@3x.png */,
				0E690A1B2085EE21006C15FD /* HUD_error@3x.png */,
				0E690A1C2085EE21006C15FD /* HUD_info@3x.png */,
				0E690A1D2085EE21006C15FD /* HUD_info@2x.png */,
				0E690A1E2085EE21006C15FD /* HUD_error@2x.png */,
			);
			path = images;
			sourceTree = "<group>";
		};
		0E690A232085EE21006C15FD /* AppearMenu */ = {
			isa = PBXGroup;
			children = (
				0E690A242085EE21006C15FD /* PopoverView.h */,
				0E690A252085EE21006C15FD /* PopoverViewCell.h */,
				0E690A262085EE21006C15FD /* PopoverAction.h */,
				0E690A272085EE21006C15FD /* images */,
				0E690A322085EE21006C15FD /* PopoverAction.m */,
				0E690A332085EE21006C15FD /* PopoverView.m */,
				0E690A342085EE21006C15FD /* PopoverViewCell.m */,
			);
			path = AppearMenu;
			sourceTree = "<group>";
		};
		0E690A272085EE21006C15FD /* images */ = {
			isa = PBXGroup;
			children = (
				0E690A282085EE21006C15FD /* navigationItem_menu@2x.png */,
				0E690A292085EE21006C15FD /* right_menu_payMoney@2x.png */,
				0E690A2A2085EE21006C15FD /* contacts_add_friend@2x.png */,
				0E690A2B2085EE21006C15FD /* contacts_add_money@2x.png */,
				0E690A2C2085EE21006C15FD /* right_menu_QR@2x.png */,
				0E690A2D2085EE21006C15FD /* right_menu_addFri@2x.png */,
				0E690A2E2085EE21006C15FD /* contacts_add_newmessage@2x.png */,
				0E690A2F2085EE21006C15FD /* right_menu_facetoface@2x.png */,
				0E690A302085EE21006C15FD /* right_menu_multichat@2x.png */,
				0E690A312085EE21006C15FD /* contacts_add_scan@2x.png */,
			);
			path = images;
			sourceTree = "<group>";
		};
		0EDA6C6820859F470052590C = {
			isa = PBXGroup;
			children = (
				0EDA6C7320859F470052590C /* WJDeveloperToolsDemo */,
				0EDA6C7220859F470052590C /* Products */,
				6211EE769D9B8E35CB63DBFC /* Pods */,
				6397EDEFDF57566D7F7579A5 /* Frameworks */,
			);
			sourceTree = "<group>";
		};
		0EDA6C7220859F470052590C /* Products */ = {
			isa = PBXGroup;
			children = (
				0EDA6C7120859F470052590C /* WJDeveloperToolsDemo.app */,
			);
			name = Products;
			sourceTree = "<group>";
		};
		0EDA6C7320859F470052590C /* WJDeveloperToolsDemo */ = {
			isa = PBXGroup;
			children = (
				0E6909092085C478006C15FD /* WJDeveloperTools */,
				0E1CD1932085A0E5001E1262 /* VCS */,
				0EDA6C7420859F470052590C /* AppDelegate.h */,
				0EDA6C7520859F470052590C /* AppDelegate.m */,
				0EDA6C7A20859F470052590C /* Main.storyboard */,
				0EDA6C7D20859F480052590C /* Assets.xcassets */,
				0EDA6C7F20859F480052590C /* LaunchScreen.storyboard */,
				0EDA6C8220859F480052590C /* Info.plist */,
				0EDA6C8320859F480052590C /* main.m */,
				0EDA6C8A20859F710052590C /* PrefixHeader.h */,
			);
			path = WJDeveloperToolsDemo;
			sourceTree = "<group>";
		};
		6211EE769D9B8E35CB63DBFC /* Pods */ = {
			isa = PBXGroup;
			children = (
				AAD955E7784736540EAF2F13 /* Pods-WJDeveloperToolsDemo.debug.xcconfig */,
				0E7F8BAF79CF58C001DFD533 /* Pods-WJDeveloperToolsDemo.release.xcconfig */,
			);
			name = Pods;
			sourceTree = "<group>";
		};
		6397EDEFDF57566D7F7579A5 /* Frameworks */ = {
			isa = PBXGroup;
			children = (
				FFE1EE836209EE576308E66C /* libPods-WJDeveloperToolsDemo.a */,
			);
			name = Frameworks;
			sourceTree = "<group>";
		};
/* End PBXGroup section */

/* Begin PBXNativeTarget section */
		0EDA6C7020859F470052590C /* WJDeveloperToolsDemo */ = {
			isa = PBXNativeTarget;
			buildConfigurationList = 0EDA6C8720859F480052590C /* Build configuration list for PBXNativeTarget "WJDeveloperToolsDemo" */;
			buildPhases = (
				3FC45E5F2D21C6EE37A1B0DD /* [CP] Check Pods Manifest.lock */,
				0EDA6C6D20859F470052590C /* Sources */,
				0EDA6C6E20859F470052590C /* Frameworks */,
				0EDA6C6F20859F470052590C /* Resources */,
				13C7A65630A20B8EA43657D3 /* [CP] Copy Pods Resources */,
			);
			buildRules = (
			);
			dependencies = (
			);
			name = WJDeveloperToolsDemo;
			productName = WJDeveloperToolsDemo;
			productReference = 0EDA6C7120859F470052590C /* WJDeveloperToolsDemo.app */;
			productType = "com.apple.product-type.application";
		};
/* End PBXNativeTarget section */

/* Begin PBXProject section */
		0EDA6C6920859F470052590C /* Project object */ = {
			isa = PBXProject;
			attributes = {
				LastUpgradeCheck = 0930;
				ORGANIZATIONNAME = "Yuan Wang";
				TargetAttributes = {
					0EDA6C7020859F470052590C = {
						CreatedOnToolsVersion = 9.3;
					};
				};
			};
			buildConfigurationList = 0EDA6C6C20859F470052590C /* Build configuration list for PBXProject "WJDeveloperToolsDemo" */;
			compatibilityVersion = "Xcode 9.3";
			developmentRegion = en;
			hasScannedForEncodings = 0;
			knownRegions = (
				en,
				Base,
			);
			mainGroup = 0EDA6C6820859F470052590C;
			productRefGroup = 0EDA6C7220859F470052590C /* Products */;
			projectDirPath = "";
			projectRoot = "";
			targets = (
				0EDA6C7020859F470052590C /* WJDeveloperToolsDemo */,
			);
		};
/* End PBXProject section */

/* Begin PBXResourcesBuildPhase section */
		0EDA6C6F20859F470052590C /* Resources */ = {
			isa = PBXResourcesBuildPhase;
			buildActionMask = 2147483647;
			files = (
				0E690A422085EE21006C15FD /* HUD_info@2x.png in Resources */,
				0E690A492085EE21006C15FD /* contacts_add_money@2x.png in Resources */,
				0E690A472085EE21006C15FD /* right_menu_payMoney@2x.png in Resources */,
				0E690A4D2085EE21006C15FD /* right_menu_facetoface@2x.png in Resources */,
				0E690A3E2085EE21006C15FD /* HUD_success@2x.png in Resources */,
				0E690A372085EE21006C15FD /* guid02.png in Resources */,
				0E690A4A2085EE21006C15FD /* right_menu_QR@2x.png in Resources */,
				0E690A4C2085EE21006C15FD /* contacts_add_newmessage@2x.png in Resources */,
				0E690A382085EE21006C15FD /* guid03.png in Resources */,
				0EDA6C8120859F480052590C /* LaunchScreen.storyboard in Resources */,
				0E690A432085EE21006C15FD /* HUD_error@2x.png in Resources */,
				0E690A392085EE21006C15FD /* guid04.png in Resources */,
				0E690A4E2085EE21006C15FD /* right_menu_multichat@2x.png in Resources */,
				0E690A3F2085EE21006C15FD /* HUD_success@3x.png in Resources */,
				0EDA6C7E20859F480052590C /* Assets.xcassets in Resources */,
				0E690A412085EE21006C15FD /* HUD_info@3x.png in Resources */,
				0E690A462085EE21006C15FD /* navigationItem_menu@2x.png in Resources */,
				0E690A3B2085EE21006C15FD /* hidden@2x.png in Resources */,
				0E690A402085EE21006C15FD /* HUD_error@3x.png in Resources */,
				0E690A4B2085EE21006C15FD /* right_menu_addFri@2x.png in Resources */,
				0EDA6C7C20859F470052590C /* Main.storyboard in Resources */,
				0E690A4F2085EE21006C15FD /* contacts_add_scan@2x.png in Resources */,
				0E690A362085EE21006C15FD /* guid01.png in Resources */,
				0E690A3A2085EE21006C15FD /* hidden@3x.png in Resources */,
				0E690A482085EE21006C15FD /* contacts_add_friend@2x.png in Resources */,
			);
			runOnlyForDeploymentPostprocessing = 0;
		};
/* End PBXResourcesBuildPhase section */

/* Begin PBXShellScriptBuildPhase section */
		13C7A65630A20B8EA43657D3 /* [CP] Copy Pods Resources */ = {
			isa = PBXShellScriptBuildPhase;
			buildActionMask = 2147483647;
			files = (
			);
			inputPaths = (
				"${SRCROOT}/Pods/Target Support Files/Pods-WJDeveloperToolsDemo/Pods-WJDeveloperToolsDemo-resources.sh",
				"${PODS_ROOT}/SVProgressHUD/SVProgressHUD/SVProgressHUD.bundle",
			);
			name = "[CP] Copy Pods Resources";
			outputPaths = (
				"${TARGET_BUILD_DIR}/${UNLOCALIZED_RESOURCES_FOLDER_PATH}/SVProgressHUD.bundle",
			);
			runOnlyForDeploymentPostprocessing = 0;
			shellPath = /bin/sh;
			shellScript = "\"${SRCROOT}/Pods/Target Support Files/Pods-WJDeveloperToolsDemo/Pods-WJDeveloperToolsDemo-resources.sh\"\n";
			showEnvVarsInLog = 0;
		};
		3FC45E5F2D21C6EE37A1B0DD /* [CP] Check Pods Manifest.lock */ = {
			isa = PBXShellScriptBuildPhase;
			buildActionMask = 2147483647;
			files = (
			);
			inputPaths = (
				"${PODS_PODFILE_DIR_PATH}/Podfile.lock",
				"${PODS_ROOT}/Manifest.lock",
			);
			name = "[CP] Check Pods Manifest.lock";
			outputPaths = (
				"$(DERIVED_FILE_DIR)/Pods-WJDeveloperToolsDemo-checkManifestLockResult.txt",
			);
			runOnlyForDeploymentPostprocessing = 0;
			shellPath = /bin/sh;
			shellScript = "diff \"${PODS_PODFILE_DIR_PATH}/Podfile.lock\" \"${PODS_ROOT}/Manifest.lock\" > /dev/null\nif [ $? != 0 ] ; then\n    # print error to STDERR\n    echo \"error: The sandbox is not in sync with the Podfile.lock. Run 'pod install' or update your CocoaPods installation.\" >&2\n    exit 1\nfi\n# This output is used by Xcode 'outputs' to avoid re-running this script phase.\necho \"SUCCESS\" > \"${SCRIPT_OUTPUT_FILE_0}\"\n";
			showEnvVarsInLog = 0;
		};
/* End PBXShellScriptBuildPhase section */

/* Begin PBXSourcesBuildPhase section */
		0EDA6C6D20859F470052590C /* Sources */ = {
			isa = PBXSourcesBuildPhase;
			buildActionMask = 2147483647;
			files = (
				0E69099D2085C478006C15FD /* UIBarButtonItem+WJCategory.m in Sources */,
				0E6909922085C478006C15FD /* UITextField+WJCategory.m in Sources */,
				0E6909A22085C478006C15FD /* NSDictionary+WJCategoty.m in Sources */,
				0E690A502085EE21006C15FD /* PopoverAction.m in Sources */,
				0E690A452085EE21006C15FD /* ALiProgressHUD.m in Sources */,
				0E690A3D2085EE21006C15FD /* KSGuaidViewCell.m in Sources */,
				0EDA6C8420859F480052590C /* main.m in Sources */,
				0E690A442085EE21006C15FD /* NSObject+ALiHUD.m in Sources */,
				0E6909A42085C478006C15FD /* WJTableViewController.m in Sources */,
				0E6909982085C478006C15FD /* NSDate+WJCategoryMethod.m in Sources */,
				0E690A512085EE21006C15FD /* PopoverView.m in Sources */,
				0E6909932085C478006C15FD /* UITextView+WJCategory.m in Sources */,
				0E69099E2085C478006C15FD /* NSMutableDictionary+WJCagtegoty.m in Sources */,
				0E1CD19B2085A10A001E1262 /* ViewController.m in Sources */,
				0E6909952085C478006C15FD /* NSArray+WJCategory.m in Sources */,
				0E69097C2085C478006C15FD /* HelperUtil.m in Sources */,
				0E69099B2085C478006C15FD /* UIAlertController+WJCategory.m in Sources */,
				0E69097B2085C478006C15FD /* WJFileManager.m in Sources */,
				0E69099A2085C478006C15FD /* UIButton+WJCategory.m in Sources */,
				0E6909A32085C478006C15FD /* WJBaseViewController.m in Sources */,
				0EDA6C7620859F470052590C /* AppDelegate.m in Sources */,
				0E1CD1AC2085BF2F001E1262 /* User.m in Sources */,
				0E6909942085C478006C15FD /* NSString+WJCategory.m in Sources */,
				0E6909A02085C478006C15FD /* UIColor+WJCategory.m in Sources */,
				0E6909A12085C478006C15FD /* UIView+WJCategory.m in Sources */,
				0E69099F2085C478006C15FD /* NSMutableArray+WJMethodSwizzling.m in Sources */,
				0E6909992085C478006C15FD /* NSObject+WJCategory.m in Sources */,
				0E6909972085C478006C15FD /* NSFileManager+WJCategory.m in Sources */,
				0E690A352085EE21006C15FD /* KSGuaidViewManager.m in Sources */,
				0E690A522085EE21006C15FD /* PopoverViewCell.m in Sources */,
				0E1CD19C2085A10A001E1262 /* ClickMenuVC.m in Sources */,
				0E6909962085C478006C15FD /* UIViewController+WJMethodSwizzling.m in Sources */,
				0E690A3C2085EE21006C15FD /* KSGuaidViewController.m in Sources */,
				0E1CD19A2085A10A001E1262 /* HUBDetailVC.m in Sources */,
				0E6909BB2085EC63006C15FD /* UILabel+WJCategory.m in Sources */,
			);
			runOnlyForDeploymentPostprocessing = 0;
		};
/* End PBXSourcesBuildPhase section */

/* Begin PBXVariantGroup section */
		0EDA6C7A20859F470052590C /* Main.storyboard */ = {
			isa = PBXVariantGroup;
			children = (
				0EDA6C7B20859F470052590C /* Base */,
			);
			name = Main.storyboard;
			sourceTree = "<group>";
		};
		0EDA6C7F20859F480052590C /* LaunchScreen.storyboard */ = {
			isa = PBXVariantGroup;
			children = (
				0EDA6C8020859F480052590C /* Base */,
			);
			name = LaunchScreen.storyboard;
			sourceTree = "<group>";
		};
/* End PBXVariantGroup section */

/* Begin XCBuildConfiguration section */
		0EDA6C8520859F480052590C /* Debug */ = {
			isa = XCBuildConfiguration;
			buildSettings = {
				ALWAYS_SEARCH_USER_PATHS = NO;
				CLANG_ANALYZER_NONNULL = YES;
				CLANG_ANALYZER_NUMBER_OBJECT_CONVERSION = YES_AGGRESSIVE;
				CLANG_CXX_LANGUAGE_STANDARD = "gnu++14";
				CLANG_CXX_LIBRARY = "libc++";
				CLANG_ENABLE_MODULES = YES;
				CLANG_ENABLE_OBJC_ARC = YES;
				CLANG_ENABLE_OBJC_WEAK = YES;
				CLANG_WARN_BLOCK_CAPTURE_AUTORELEASING = YES;
				CLANG_WARN_BOOL_CONVERSION = YES;
				CLANG_WARN_COMMA = YES;
				CLANG_WARN_CONSTANT_CONVERSION = YES;
				CLANG_WARN_DEPRECATED_OBJC_IMPLEMENTATIONS = YES;
				CLANG_WARN_DIRECT_OBJC_ISA_USAGE = YES_ERROR;
				CLANG_WARN_DOCUMENTATION_COMMENTS = YES;
				CLANG_WARN_EMPTY_BODY = YES;
				CLANG_WARN_ENUM_CONVERSION = YES;
				CLANG_WARN_INFINITE_RECURSION = YES;
				CLANG_WARN_INT_CONVERSION = YES;
				CLANG_WARN_NON_LITERAL_NULL_CONVERSION = YES;
				CLANG_WARN_OBJC_IMPLICIT_RETAIN_SELF = YES;
				CLANG_WARN_OBJC_LITERAL_CONVERSION = YES;
				CLANG_WARN_OBJC_ROOT_CLASS = YES_ERROR;
				CLANG_WARN_RANGE_LOOP_ANALYSIS = YES;
				CLANG_WARN_STRICT_PROTOTYPES = YES;
				CLANG_WARN_SUSPICIOUS_MOVE = YES;
				CLANG_WARN_UNGUARDED_AVAILABILITY = YES_AGGRESSIVE;
				CLANG_WARN_UNREACHABLE_CODE = YES;
				CLANG_WARN__DUPLICATE_METHOD_MATCH = YES;
				CODE_SIGN_IDENTITY = "iPhone Developer";
				COPY_PHASE_STRIP = NO;
				DEBUG_INFORMATION_FORMAT = dwarf;
				ENABLE_STRICT_OBJC_MSGSEND = YES;
				ENABLE_TESTABILITY = YES;
				GCC_C_LANGUAGE_STANDARD = gnu11;
				GCC_DYNAMIC_NO_PIC = NO;
				GCC_NO_COMMON_BLOCKS = YES;
				GCC_OPTIMIZATION_LEVEL = 0;
				GCC_PREPROCESSOR_DEFINITIONS = (
					"DEBUG=1",
					"$(inherited)",
				);
				GCC_WARN_64_TO_32_BIT_CONVERSION = YES;
				GCC_WARN_ABOUT_RETURN_TYPE = YES_ERROR;
				GCC_WARN_UNDECLARED_SELECTOR = YES;
				GCC_WARN_UNINITIALIZED_AUTOS = YES_AGGRESSIVE;
				GCC_WARN_UNUSED_FUNCTION = YES;
				GCC_WARN_UNUSED_VARIABLE = YES;
				IPHONEOS_DEPLOYMENT_TARGET = 11.3;
				MTL_ENABLE_DEBUG_INFO = YES;
				ONLY_ACTIVE_ARCH = YES;
				SDKROOT = iphoneos;
			};
			name = Debug;
		};
		0EDA6C8620859F480052590C /* Release */ = {
			isa = XCBuildConfiguration;
			buildSettings = {
				ALWAYS_SEARCH_USER_PATHS = NO;
				CLANG_ANALYZER_NONNULL = YES;
				CLANG_ANALYZER_NUMBER_OBJECT_CONVERSION = YES_AGGRESSIVE;
				CLANG_CXX_LANGUAGE_STANDARD = "gnu++14";
				CLANG_CXX_LIBRARY = "libc++";
				CLANG_ENABLE_MODULES = YES;
				CLANG_ENABLE_OBJC_ARC = YES;
				CLANG_ENABLE_OBJC_WEAK = YES;
				CLANG_WARN_BLOCK_CAPTURE_AUTORELEASING = YES;
				CLANG_WARN_BOOL_CONVERSION = YES;
				CLANG_WARN_COMMA = YES;
				CLANG_WARN_CONSTANT_CONVERSION = YES;
				CLANG_WARN_DEPRECATED_OBJC_IMPLEMENTATIONS = YES;
				CLANG_WARN_DIRECT_OBJC_ISA_USAGE = YES_ERROR;
				CLANG_WARN_DOCUMENTATION_COMMENTS = YES;
				CLANG_WARN_EMPTY_BODY = YES;
				CLANG_WARN_ENUM_CONVERSION = YES;
				CLANG_WARN_INFINITE_RECURSION = YES;
				CLANG_WARN_INT_CONVERSION = YES;
				CLANG_WARN_NON_LITERAL_NULL_CONVERSION = YES;
				CLANG_WARN_OBJC_IMPLICIT_RETAIN_SELF = YES;
				CLANG_WARN_OBJC_LITERAL_CONVERSION = YES;
				CLANG_WARN_OBJC_ROOT_CLASS = YES_ERROR;
				CLANG_WARN_RANGE_LOOP_ANALYSIS = YES;
				CLANG_WARN_STRICT_PROTOTYPES = YES;
				CLANG_WARN_SUSPICIOUS_MOVE = YES;
				CLANG_WARN_UNGUARDED_AVAILABILITY = YES_AGGRESSIVE;
				CLANG_WARN_UNREACHABLE_CODE = YES;
				CLANG_WARN__DUPLICATE_METHOD_MATCH = YES;
				CODE_SIGN_IDENTITY = "iPhone Developer";
				COPY_PHASE_STRIP = NO;
				DEBUG_INFORMATION_FORMAT = "dwarf-with-dsym";
				ENABLE_NS_ASSERTIONS = NO;
				ENABLE_STRICT_OBJC_MSGSEND = YES;
				GCC_C_LANGUAGE_STANDARD = gnu11;
				GCC_NO_COMMON_BLOCKS = YES;
				GCC_WARN_64_TO_32_BIT_CONVERSION = YES;
				GCC_WARN_ABOUT_RETURN_TYPE = YES_ERROR;
				GCC_WARN_UNDECLARED_SELECTOR = YES;
				GCC_WARN_UNINITIALIZED_AUTOS = YES_AGGRESSIVE;
				GCC_WARN_UNUSED_FUNCTION = YES;
				GCC_WARN_UNUSED_VARIABLE = YES;
				IPHONEOS_DEPLOYMENT_TARGET = 11.3;
				MTL_ENABLE_DEBUG_INFO = NO;
				SDKROOT = iphoneos;
				VALIDATE_PRODUCT = YES;
			};
			name = Release;
		};
		0EDA6C8820859F480052590C /* Debug */ = {
			isa = XCBuildConfiguration;
			baseConfigurationReference = AAD955E7784736540EAF2F13 /* Pods-WJDeveloperToolsDemo.debug.xcconfig */;
			buildSettings = {
				ASSETCATALOG_COMPILER_APPICON_NAME = AppIcon;
				CODE_SIGN_STYLE = Automatic;
				DEVELOPMENT_TEAM = 3E5EW9UDA7;
				ENABLE_BITCODE = NO;
				GCC_PREFIX_HEADER = "$(SRCROOT)/WJDeveloperToolsDemo/PrefixHeader.h";
				INFOPLIST_FILE = WJDeveloperToolsDemo/Info.plist;
				IPHONEOS_DEPLOYMENT_TARGET = 9.0;
				LD_RUNPATH_SEARCH_PATHS = (
					"$(inherited)",
					"@executable_path/Frameworks",
				);
				PRODUCT_BUNDLE_IDENTIFIER = com.wangjun.www.WJDeveloperToolsDemo;
				PRODUCT_NAME = "$(TARGET_NAME)";
				TARGETED_DEVICE_FAMILY = "1,2";
			};
			name = Debug;
		};
		0EDA6C8920859F480052590C /* Release */ = {
			isa = XCBuildConfiguration;
			baseConfigurationReference = 0E7F8BAF79CF58C001DFD533 /* Pods-WJDeveloperToolsDemo.release.xcconfig */;
			buildSettings = {
				ASSETCATALOG_COMPILER_APPICON_NAME = AppIcon;
				CODE_SIGN_STYLE = Automatic;
				DEVELOPMENT_TEAM = 3E5EW9UDA7;
				ENABLE_BITCODE = NO;
				GCC_PREFIX_HEADER = "$(SRCROOT)/WJDeveloperToolsDemo/PrefixHeader.h";
				INFOPLIST_FILE = WJDeveloperToolsDemo/Info.plist;
				IPHONEOS_DEPLOYMENT_TARGET = 9.0;
				LD_RUNPATH_SEARCH_PATHS = (
					"$(inherited)",
					"@executable_path/Frameworks",
				);
				PRODUCT_BUNDLE_IDENTIFIER = com.wangjun.www.WJDeveloperToolsDemo;
				PRODUCT_NAME = "$(TARGET_NAME)";
				TARGETED_DEVICE_FAMILY = "1,2";
			};
			name = Release;
		};
/* End XCBuildConfiguration section */

/* Begin XCConfigurationList section */
		0EDA6C6C20859F470052590C /* Build configuration list for PBXProject "WJDeveloperToolsDemo" */ = {
			isa = XCConfigurationList;
			buildConfigurations = (
				0EDA6C8520859F480052590C /* Debug */,
				0EDA6C8620859F480052590C /* Release */,
			);
			defaultConfigurationIsVisible = 0;
			defaultConfigurationName = Release;
		};
		0EDA6C8720859F480052590C /* Build configuration list for PBXNativeTarget "WJDeveloperToolsDemo" */ = {
			isa = XCConfigurationList;
			buildConfigurations = (
				0EDA6C8820859F480052590C /* Debug */,
				0EDA6C8920859F480052590C /* Release */,
			);
			defaultConfigurationIsVisible = 0;
			defaultConfigurationName = Release;
		};
/* End XCConfigurationList section */
	};
	rootObject = 0EDA6C6920859F470052590C /* Project object */;
}
